{
    "_meta": {
        "hash": {
            "sha256": "c2c6e78305c07558f6515bbe3936c8a2535502ed6a857766ea186044dff9b5b8"
        },
        "pipfile-spec": 6,
        "requires": {},
        "sources": [
            {
                "name": "pypi",
                "url": "https://pypi.org/simple",
                "verify_ssl": true
            }
        ]
    },
    "default": {
        "click": {
            "hashes": [
                "sha256:2335065e6395b9e67ca716de5f7526736bfa6ceead690adf616d925bdc622b13",
                "sha256:5b94b49521f6456670fdb30cd82a4eca9412788a93fa6dd6df72c94d5a8ff2d7"
            ],
            "index": "pypi",
            "version": "==7.0"
        },
        "distlib": {
            "hashes": [
                "sha256:57977cd7d9ea27986ec62f425630e4ddb42efe651ff80bc58ed8dbc3c7c21f19"
            ],
            "index": "pypi",
            "version": "==0.2.8"
        },
        "wheel": {
            "hashes": [
                "sha256:029703bf514e16c8271c3821806a1c171220cc5bdd325cbf4e7da1e056a01db6",
                "sha256:1e53cdb3f808d5ccd0df57f964263752aa74ea7359526d3da6c02114ec1e1d44"
            ],
            "index": "pypi",
            "version": "==0.32.3"
        }
    },
    "develop": {}
}
